
Microsoft Visual Studio Solution File, Format Version 12.00
# Visual Studio Version 17
VisualStudioVersion = 17.4.33103.184
MinimumVisualStudioVersion = 10.0.40219.1
Project("{FAE04EC0-301F-11D3-BF4B-00C04F79EFBC}") = "Trivia-Client", "Trivia-Client\Trivia-Client.csproj", "{FB58E3BB-2A9E-4DBA-8314-3607992644F6}"
EndProject
Global
	GlobalSection(SolutionConfigurationPlatforms) = preSolution
		Debug|Any CPU = Debug|Any CPU
		Release|Any CPU = Release|Any CPU
	EndGlobalSection
	GlobalSection(ProjectConfigurationPlatforms) = postSolution
		{FB58E3BB-2A9E-4DBA-8314-3607992644F6}.Debug|Any CPU.ActiveCfg = Debug|Any CPU
		{FB58E3BB-2A9E-4DBA-8314-3607992644F6}.Debug|Any CPU.Build.0 = Debug|Any CPU
		{FB58E3BB-2A9E-4DBA-8314-3607992644F6}.Release|Any CPU.ActiveCfg = Release|Any CPU
		{FB58E3BB-2A9E-4DBA-8314-3607992644F6}.Release|Any CPU.Build.0 = Release|Any CPU
	EndGlobalSection
	GlobalSection(SolutionProperties) = preSolution
		HideSolutionNode = FALSE
	EndGlobalSection
	GlobalSection(ExtensibilityGlobals) = postSolution
		SolutionGuid = {28B6554D-E555-4ABB-B98A-23B9E1B7FEE1}
	EndGlobalSection
EndGlobal
